
Microsoft Visual Studio Solution File, Format Version 12.00
# Visual Studio Version 16
VisualStudioVersion = 16.0.30413.136
MinimumVisualStudioVersion = 10.0.40219.1
Project("{FAE04EC0-301F-11D3-BF4B-00C04F79EFBC}") = "Argb_Slider_bindings", "Argb_Slider_bindings.csproj", "{C18048B0-7812-43E5-9061-B7FB053F869D}"
EndProject
Global
	GlobalSection(SolutionConfigurationPlatforms) = preSolution
		Debug|Any CPU = Debug|Any CPU
		Release|Any CPU = Release|Any CPU
	EndGlobalSection
	GlobalSection(ProjectConfigurationPlatforms) = postSolution
		{C18048B0-7812-43E5-9061-B7FB053F869D}.Debug|Any CPU.ActiveCfg = Debug|Any CPU
		{C18048B0-7812-43E5-9061-B7FB053F869D}.Debug|Any CPU.Build.0 = Debug|Any CPU
		{C18048B0-7812-43E5-9061-B7FB053F869D}.Release|Any CPU.ActiveCfg = Release|Any CPU
		{C18048B0-7812-43E5-9061-B7FB053F869D}.Release|Any CPU.Build.0 = Release|Any CPU
	EndGlobalSection
	GlobalSection(SolutionProperties) = preSolution
		HideSolutionNode = FALSE
	EndGlobalSection
	GlobalSection(ExtensibilityGlobals) = postSolution
		SolutionGuid = {A0A4BA10-F89B-45FD-AA9D-D4A06F2C19E1}
	EndGlobalSection
EndGlobal
